
Microsoft Visual Studio Solution File, Format Version 12.00
# Visual Studio Version 17
VisualStudioVersion = 17.9.34723.18
MinimumVisualStudioVersion = 10.0.40219.1
Project("{9A19103F-16F7-4668-BE54-9A1E7A4F7556}") = "purrfect-olho-vivo-api", "purrfect-olho-vivo-api.csproj", "{89622569-BD31-4424-9DB6-625CBD4B06A0}"
EndProject
Project("{FAE04EC0-301F-11D3-BF4B-00C04F79EFBC}") = "PurrfectOlhoVivo.Tests", "..\PurrfectOlhoVivo.Tests\PurrfectOlhoVivo.Tests.csproj", "{2020D6A3-45E8-4FBF-B936-4D5596F79B61}"
EndProject
Global
	GlobalSection(SolutionConfigurationPlatforms) = preSolution
		Debug|Any CPU = Debug|Any CPU
		Release|Any CPU = Release|Any CPU
	EndGlobalSection
	GlobalSection(ProjectConfigurationPlatforms) = postSolution
		{89622569-BD31-4424-9DB6-625CBD4B06A0}.Debug|Any CPU.ActiveCfg = Debug|Any CPU
		{89622569-BD31-4424-9DB6-625CBD4B06A0}.Debug|Any CPU.Build.0 = Debug|Any CPU
		{89622569-BD31-4424-9DB6-625CBD4B06A0}.Release|Any CPU.ActiveCfg = Release|Any CPU
		{89622569-BD31-4424-9DB6-625CBD4B06A0}.Release|Any CPU.Build.0 = Release|Any CPU
		{2020D6A3-45E8-4FBF-B936-4D5596F79B61}.Debug|Any CPU.ActiveCfg = Debug|Any CPU
		{2020D6A3-45E8-4FBF-B936-4D5596F79B61}.Debug|Any CPU.Build.0 = Debug|Any CPU
		{2020D6A3-45E8-4FBF-B936-4D5596F79B61}.Release|Any CPU.ActiveCfg = Release|Any CPU
		{2020D6A3-45E8-4FBF-B936-4D5596F79B61}.Release|Any CPU.Build.0 = Release|Any CPU
	EndGlobalSection
	GlobalSection(SolutionProperties) = preSolution
		HideSolutionNode = FALSE
	EndGlobalSection
	GlobalSection(ExtensibilityGlobals) = postSolution
		SolutionGuid = {B2416A0B-B314-4F5D-869D-3F6DC0079744}
	EndGlobalSection
EndGlobal
